
Microsoft Visual Studio Solution File, Format Version 12.00
# Visual Studio Version 16
VisualStudioVersion = 16.0.30320.27
MinimumVisualStudioVersion = 10.0.40219.1
Project("{9092AA53-FB77-4645-B42D-1CCCA6BD08BD}") = "CharmMM", "CharmMM.njsproj", "{B3CCDBC4-513E-4F47-8FBF-7492C5BEBF42}"
EndProject
Global
	GlobalSection(SolutionConfigurationPlatforms) = preSolution
		Debug|Any CPU = Debug|Any CPU
		Release|Any CPU = Release|Any CPU
	EndGlobalSection
	GlobalSection(ProjectConfigurationPlatforms) = postSolution
		{B3CCDBC4-513E-4F47-8FBF-7492C5BEBF42}.Debug|Any CPU.ActiveCfg = Debug|Any CPU
		{B3CCDBC4-513E-4F47-8FBF-7492C5BEBF42}.Debug|Any CPU.Build.0 = Debug|Any CPU
		{B3CCDBC4-513E-4F47-8FBF-7492C5BEBF42}.Release|Any CPU.ActiveCfg = Release|Any CPU
		{B3CCDBC4-513E-4F47-8FBF-7492C5BEBF42}.Release|Any CPU.Build.0 = Release|Any CPU
	EndGlobalSection
	GlobalSection(SolutionProperties) = preSolution
		HideSolutionNode = FALSE
	EndGlobalSection
	GlobalSection(ExtensibilityGlobals) = postSolution
		SolutionGuid = {D5415779-5C95-49A9-8368-B0A0735CD193}
	EndGlobalSection
EndGlobal
